
Microsoft Visual Studio Solution File, Format Version 12.00
# Visual Studio Version 17
VisualStudioVersion = 17.5.33530.505
MinimumVisualStudioVersion = 10.0.40219.1
Project("{9A19103F-16F7-4668-BE54-9A1E7A4F7556}") = "Ejer_01", "Ejer_01\Ejer_01.csproj", "{F08C11DD-D4DD-43C0-8BC7-979877E5B088}"
EndProject
Project("{FAE04EC0-301F-11D3-BF4B-00C04F79EFBC}") = "Ejer_02", "Ejer_02\Ejer_02.csproj", "{86673AC6-D8BA-4DD8-93DA-A9FE93EFA4F7}"
EndProject
Project("{FAE04EC0-301F-11D3-BF4B-00C04F79EFBC}") = "Ejer_03", "Ejer_03\Ejer_03.csproj", "{0DEA5F23-C181-4F40-8CA2-B5F61BCE2D52}"
EndProject
Project("{FAE04EC0-301F-11D3-BF4B-00C04F79EFBC}") = "Ejer_04", "Ejer_04\Ejer_04.csproj", "{924C4B66-BD70-426A-A7F5-11FB3FFB34EC}"
EndProject
Project("{FAE04EC0-301F-11D3-BF4B-00C04F79EFBC}") = "Ejer_05", "Ejer_05\Ejer_05.csproj", "{0676CB50-642E-4DE6-AE9A-D0EC5EE033F6}"
EndProject
Project("{FAE04EC0-301F-11D3-BF4B-00C04F79EFBC}") = "Ejer_06", "Ejer_06\Ejer_06.csproj", "{A692BD8D-8DFB-42B3-A8F7-14E0F2A9A7BC}"
EndProject
Project("{FAE04EC0-301F-11D3-BF4B-00C04F79EFBC}") = "Ejer_07", "Ejer_07\Ejer_07.csproj", "{42A968B2-6B83-4B84-9E1C-72C7DEC947E0}"
EndProject
Project("{FAE04EC0-301F-11D3-BF4B-00C04F79EFBC}") = "Ejer_08", "Ejer_08\Ejer_08.csproj", "{2DF3104F-5096-45AE-8876-0D0D2194D04B}"
EndProject
Project("{FAE04EC0-301F-11D3-BF4B-00C04F79EFBC}") = "Ejer_09", "Ejer_09\Ejer_09.csproj", "{CEE48771-32C8-46C6-BA79-EA9D3A954744}"
EndProject
Project("{FAE04EC0-301F-11D3-BF4B-00C04F79EFBC}") = "Ejer_10", "Ejer_10\Ejer_10.csproj", "{6D7F842F-0FC1-4559-A7BD-C10C27AFF2A7}"
EndProject
Global
	GlobalSection(SolutionConfigurationPlatforms) = preSolution
		Debug|Any CPU = Debug|Any CPU
		Release|Any CPU = Release|Any CPU
	EndGlobalSection
	GlobalSection(ProjectConfigurationPlatforms) = postSolution
		{F08C11DD-D4DD-43C0-8BC7-979877E5B088}.Debug|Any CPU.ActiveCfg = Debug|Any CPU
		{F08C11DD-D4DD-43C0-8BC7-979877E5B088}.Debug|Any CPU.Build.0 = Debug|Any CPU
		{F08C11DD-D4DD-43C0-8BC7-979877E5B088}.Release|Any CPU.ActiveCfg = Release|Any CPU
		{F08C11DD-D4DD-43C0-8BC7-979877E5B088}.Release|Any CPU.Build.0 = Release|Any CPU
		{86673AC6-D8BA-4DD8-93DA-A9FE93EFA4F7}.Debug|Any CPU.ActiveCfg = Debug|Any CPU
		{86673AC6-D8BA-4DD8-93DA-A9FE93EFA4F7}.Debug|Any CPU.Build.0 = Debug|Any CPU
		{86673AC6-D8BA-4DD8-93DA-A9FE93EFA4F7}.Release|Any CPU.ActiveCfg = Release|Any CPU
		{86673AC6-D8BA-4DD8-93DA-A9FE93EFA4F7}.Release|Any CPU.Build.0 = Release|Any CPU
		{0DEA5F23-C181-4F40-8CA2-B5F61BCE2D52}.Debug|Any CPU.ActiveCfg = Debug|Any CPU
		{0DEA5F23-C181-4F40-8CA2-B5F61BCE2D52}.Debug|Any CPU.Build.0 = Debug|Any CPU
		{0DEA5F23-C181-4F40-8CA2-B5F61BCE2D52}.Release|Any CPU.ActiveCfg = Release|Any CPU
		{0DEA5F23-C181-4F40-8CA2-B5F61BCE2D52}.Release|Any CPU.Build.0 = Release|Any CPU
		{924C4B66-BD70-426A-A7F5-11FB3FFB34EC}.Debug|Any CPU.ActiveCfg = Debug|Any CPU
		{924C4B66-BD70-426A-A7F5-11FB3FFB34EC}.Debug|Any CPU.Build.0 = Debug|Any CPU
		{924C4B66-BD70-426A-A7F5-11FB3FFB34EC}.Release|Any CPU.ActiveCfg = Release|Any CPU
		{924C4B66-BD70-426A-A7F5-11FB3FFB34EC}.Release|Any CPU.Build.0 = Release|Any CPU
		{0676CB50-642E-4DE6-AE9A-D0EC5EE033F6}.Debug|Any CPU.ActiveCfg = Debug|Any CPU
		{0676CB50-642E-4DE6-AE9A-D0EC5EE033F6}.Debug|Any CPU.Build.0 = Debug|Any CPU
		{0676CB50-642E-4DE6-AE9A-D0EC5EE033F6}.Release|Any CPU.ActiveCfg = Release|Any CPU
		{0676CB50-642E-4DE6-AE9A-D0EC5EE033F6}.Release|Any CPU.Build.0 = Release|Any CPU
		{A692BD8D-8DFB-42B3-A8F7-14E0F2A9A7BC}.Debug|Any CPU.ActiveCfg = Debug|Any CPU
		{A692BD8D-8DFB-42B3-A8F7-14E0F2A9A7BC}.Debug|Any CPU.Build.0 = Debug|Any CPU
		{A692BD8D-8DFB-42B3-A8F7-14E0F2A9A7BC}.Release|Any CPU.ActiveCfg = Release|Any CPU
		{A692BD8D-8DFB-42B3-A8F7-14E0F2A9A7BC}.Release|Any CPU.Build.0 = Release|Any CPU
		{42A968B2-6B83-4B84-9E1C-72C7DEC947E0}.Debug|Any CPU.ActiveCfg = Debug|Any CPU
		{42A968B2-6B83-4B84-9E1C-72C7DEC947E0}.Debug|Any CPU.Build.0 = Debug|Any CPU
		{42A968B2-6B83-4B84-9E1C-72C7DEC947E0}.Release|Any CPU.ActiveCfg = Release|Any CPU
		{42A968B2-6B83-4B84-9E1C-72C7DEC947E0}.Release|Any CPU.Build.0 = Release|Any CPU
		{2DF3104F-5096-45AE-8876-0D0D2194D04B}.Debug|Any CPU.ActiveCfg = Debug|Any CPU
		{2DF3104F-5096-45AE-8876-0D0D2194D04B}.Debug|Any CPU.Build.0 = Debug|Any CPU
		{2DF3104F-5096-45AE-8876-0D0D2194D04B}.Release|Any CPU.ActiveCfg = Release|Any CPU
		{2DF3104F-5096-45AE-8876-0D0D2194D04B}.Release|Any CPU.Build.0 = Release|Any CPU
		{CEE48771-32C8-46C6-BA79-EA9D3A954744}.Debug|Any CPU.ActiveCfg = Debug|Any CPU
		{CEE48771-32C8-46C6-BA79-EA9D3A954744}.Debug|Any CPU.Build.0 = Debug|Any CPU
		{CEE48771-32C8-46C6-BA79-EA9D3A954744}.Release|Any CPU.ActiveCfg = Release|Any CPU
		{CEE48771-32C8-46C6-BA79-EA9D3A954744}.Release|Any CPU.Build.0 = Release|Any CPU
		{6D7F842F-0FC1-4559-A7BD-C10C27AFF2A7}.Debug|Any CPU.ActiveCfg = Debug|Any CPU
		{6D7F842F-0FC1-4559-A7BD-C10C27AFF2A7}.Debug|Any CPU.Build.0 = Debug|Any CPU
		{6D7F842F-0FC1-4559-A7BD-C10C27AFF2A7}.Release|Any CPU.ActiveCfg = Release|Any CPU
		{6D7F842F-0FC1-4559-A7BD-C10C27AFF2A7}.Release|Any CPU.Build.0 = Release|Any CPU
	EndGlobalSection
	GlobalSection(SolutionProperties) = preSolution
		HideSolutionNode = FALSE
	EndGlobalSection
	GlobalSection(ExtensibilityGlobals) = postSolution
		SolutionGuid = {CC892389-EF92-48FE-AA14-BF87F65AE857}
	EndGlobalSection
EndGlobal
