
Microsoft Visual Studio Solution File, Format Version 12.00
# Visual Studio Version 17
VisualStudioVersion = 17.6.33801.468
MinimumVisualStudioVersion = 10.0.40219.1
Project("{9A19103F-16F7-4668-BE54-9A1E7A4F7556}") = "Ejer_67", "Ejer_67\Ejer_67.csproj", "{5598CDBC-FFD4-4893-BE1A-6D077E0FBC66}"
EndProject
Project("{FAE04EC0-301F-11D3-BF4B-00C04F79EFBC}") = "Entidades", "Entidades\Entidades.csproj", "{6FAB3F4D-B5CF-4F79-A8CF-0CF0FC66C7C5}"
EndProject
Global
	GlobalSection(SolutionConfigurationPlatforms) = preSolution
		Debug|Any CPU = Debug|Any CPU
		Release|Any CPU = Release|Any CPU
	EndGlobalSection
	GlobalSection(ProjectConfigurationPlatforms) = postSolution
		{5598CDBC-FFD4-4893-BE1A-6D077E0FBC66}.Debug|Any CPU.ActiveCfg = Debug|Any CPU
		{5598CDBC-FFD4-4893-BE1A-6D077E0FBC66}.Debug|Any CPU.Build.0 = Debug|Any CPU
		{5598CDBC-FFD4-4893-BE1A-6D077E0FBC66}.Release|Any CPU.ActiveCfg = Release|Any CPU
		{5598CDBC-FFD4-4893-BE1A-6D077E0FBC66}.Release|Any CPU.Build.0 = Release|Any CPU
		{6FAB3F4D-B5CF-4F79-A8CF-0CF0FC66C7C5}.Debug|Any CPU.ActiveCfg = Debug|Any CPU
		{6FAB3F4D-B5CF-4F79-A8CF-0CF0FC66C7C5}.Debug|Any CPU.Build.0 = Debug|Any CPU
		{6FAB3F4D-B5CF-4F79-A8CF-0CF0FC66C7C5}.Release|Any CPU.ActiveCfg = Release|Any CPU
		{6FAB3F4D-B5CF-4F79-A8CF-0CF0FC66C7C5}.Release|Any CPU.Build.0 = Release|Any CPU
	EndGlobalSection
	GlobalSection(SolutionProperties) = preSolution
		HideSolutionNode = FALSE
	EndGlobalSection
	GlobalSection(ExtensibilityGlobals) = postSolution
		SolutionGuid = {B7603136-9FFF-498C-8C10-DEA4AC5E22CA}
	EndGlobalSection
EndGlobal
