
Microsoft Visual Studio Solution File, Format Version 12.00
# Visual Studio Version 17
VisualStudioVersion = 17.5.33627.172
MinimumVisualStudioVersion = 10.0.40219.1
Project("{9A19103F-16F7-4668-BE54-9A1E7A4F7556}") = "Ejer_41", "Ejer_41\Ejer_41.csproj", "{C1D70DBA-AAC4-424D-9EDD-C15FADD6A6B1}"
EndProject
Project("{9A19103F-16F7-4668-BE54-9A1E7A4F7556}") = "Entidades", "Entidades\Entidades.csproj", "{8283AF81-3E3A-4B76-8E71-56F888CAA3C9}"
EndProject
Project("{9A19103F-16F7-4668-BE54-9A1E7A4F7556}") = "Ejer_I01", "Ejer_I01\Ejer_I01.csproj", "{7A69B720-7405-4E37-9981-2270D1C90EEB}"
EndProject
Project("{FAE04EC0-301F-11D3-BF4B-00C04F79EFBC}") = "Ejer_43", "Ejer_43\Ejer_43.csproj", "{2F093E7B-7CD6-4597-8E5E-B1D7FE3D132E}"
EndProject
Global
	GlobalSection(SolutionConfigurationPlatforms) = preSolution
		Debug|Any CPU = Debug|Any CPU
		Release|Any CPU = Release|Any CPU
	EndGlobalSection
	GlobalSection(ProjectConfigurationPlatforms) = postSolution
		{C1D70DBA-AAC4-424D-9EDD-C15FADD6A6B1}.Debug|Any CPU.ActiveCfg = Debug|Any CPU
		{C1D70DBA-AAC4-424D-9EDD-C15FADD6A6B1}.Debug|Any CPU.Build.0 = Debug|Any CPU
		{C1D70DBA-AAC4-424D-9EDD-C15FADD6A6B1}.Release|Any CPU.ActiveCfg = Release|Any CPU
		{C1D70DBA-AAC4-424D-9EDD-C15FADD6A6B1}.Release|Any CPU.Build.0 = Release|Any CPU
		{8283AF81-3E3A-4B76-8E71-56F888CAA3C9}.Debug|Any CPU.ActiveCfg = Debug|Any CPU
		{8283AF81-3E3A-4B76-8E71-56F888CAA3C9}.Debug|Any CPU.Build.0 = Debug|Any CPU
		{8283AF81-3E3A-4B76-8E71-56F888CAA3C9}.Release|Any CPU.ActiveCfg = Release|Any CPU
		{8283AF81-3E3A-4B76-8E71-56F888CAA3C9}.Release|Any CPU.Build.0 = Release|Any CPU
		{7A69B720-7405-4E37-9981-2270D1C90EEB}.Debug|Any CPU.ActiveCfg = Debug|Any CPU
		{7A69B720-7405-4E37-9981-2270D1C90EEB}.Debug|Any CPU.Build.0 = Debug|Any CPU
		{7A69B720-7405-4E37-9981-2270D1C90EEB}.Release|Any CPU.ActiveCfg = Release|Any CPU
		{7A69B720-7405-4E37-9981-2270D1C90EEB}.Release|Any CPU.Build.0 = Release|Any CPU
		{2F093E7B-7CD6-4597-8E5E-B1D7FE3D132E}.Debug|Any CPU.ActiveCfg = Debug|Any CPU
		{2F093E7B-7CD6-4597-8E5E-B1D7FE3D132E}.Debug|Any CPU.Build.0 = Debug|Any CPU
		{2F093E7B-7CD6-4597-8E5E-B1D7FE3D132E}.Release|Any CPU.ActiveCfg = Release|Any CPU
		{2F093E7B-7CD6-4597-8E5E-B1D7FE3D132E}.Release|Any CPU.Build.0 = Release|Any CPU
	EndGlobalSection
	GlobalSection(SolutionProperties) = preSolution
		HideSolutionNode = FALSE
	EndGlobalSection
	GlobalSection(ExtensibilityGlobals) = postSolution
		SolutionGuid = {95CD1C44-BB32-423D-AF2B-17DBE57735B8}
	EndGlobalSection
EndGlobal
