
Microsoft Visual Studio Solution File, Format Version 12.00
# Visual Studio Version 17
VisualStudioVersion = 17.5.33530.505
MinimumVisualStudioVersion = 10.0.40219.1
Project("{FAE04EC0-301F-11D3-BF4B-00C04F79EFBC}") = "PrimerParcial", "PrimerParcial\PrimerParcial.csproj", "{EAE621C7-6352-439A-B558-A5ABB5E2303C}"
EndProject
Global
	GlobalSection(SolutionConfigurationPlatforms) = preSolution
		Debug|Any CPU = Debug|Any CPU
		Release|Any CPU = Release|Any CPU
	EndGlobalSection
	GlobalSection(ProjectConfigurationPlatforms) = postSolution
		{EAE621C7-6352-439A-B558-A5ABB5E2303C}.Debug|Any CPU.ActiveCfg = Debug|Any CPU
		{EAE621C7-6352-439A-B558-A5ABB5E2303C}.Debug|Any CPU.Build.0 = Debug|Any CPU
		{EAE621C7-6352-439A-B558-A5ABB5E2303C}.Release|Any CPU.ActiveCfg = Release|Any CPU
		{EAE621C7-6352-439A-B558-A5ABB5E2303C}.Release|Any CPU.Build.0 = Release|Any CPU
	EndGlobalSection
	GlobalSection(SolutionProperties) = preSolution
		HideSolutionNode = FALSE
	EndGlobalSection
	GlobalSection(ExtensibilityGlobals) = postSolution
		SolutionGuid = {0F2D5695-A507-4B58-BE2B-CC96B12E96D7}
	EndGlobalSection
EndGlobal
