
Microsoft Visual Studio Solution File, Format Version 12.00
# Visual Studio Version 17
VisualStudioVersion = 17.5.33627.172
MinimumVisualStudioVersion = 10.0.40219.1
Project("{FAE04EC0-301F-11D3-BF4B-00C04F79EFBC}") = "Gonzalez.Juan.Pablo.2C.RPP", "Gonzalez.Juan.Pablo.2C.RPP\Gonzalez.Juan.Pablo.2C.RPP.csproj", "{2983EB7A-9FED-4C04-8C35-15356950E902}"
EndProject
Project("{FAE04EC0-301F-11D3-BF4B-00C04F79EFBC}") = "Entidades", "Entidades\Entidades.csproj", "{75362720-E0D1-4596-AB73-C0F8380774FF}"
EndProject
Project("{FAE04EC0-301F-11D3-BF4B-00C04F79EFBC}") = "Test", "Test\Test.csproj", "{7BEC6DB6-AF49-475D-85F7-2511740F84D9}"
EndProject
Global
	GlobalSection(SolutionConfigurationPlatforms) = preSolution
		Debug|Any CPU = Debug|Any CPU
		Release|Any CPU = Release|Any CPU
	EndGlobalSection
	GlobalSection(ProjectConfigurationPlatforms) = postSolution
		{2983EB7A-9FED-4C04-8C35-15356950E902}.Debug|Any CPU.ActiveCfg = Debug|Any CPU
		{2983EB7A-9FED-4C04-8C35-15356950E902}.Debug|Any CPU.Build.0 = Debug|Any CPU
		{2983EB7A-9FED-4C04-8C35-15356950E902}.Release|Any CPU.ActiveCfg = Release|Any CPU
		{2983EB7A-9FED-4C04-8C35-15356950E902}.Release|Any CPU.Build.0 = Release|Any CPU
		{75362720-E0D1-4596-AB73-C0F8380774FF}.Debug|Any CPU.ActiveCfg = Debug|Any CPU
		{75362720-E0D1-4596-AB73-C0F8380774FF}.Debug|Any CPU.Build.0 = Debug|Any CPU
		{75362720-E0D1-4596-AB73-C0F8380774FF}.Release|Any CPU.ActiveCfg = Release|Any CPU
		{75362720-E0D1-4596-AB73-C0F8380774FF}.Release|Any CPU.Build.0 = Release|Any CPU
		{7BEC6DB6-AF49-475D-85F7-2511740F84D9}.Debug|Any CPU.ActiveCfg = Debug|Any CPU
		{7BEC6DB6-AF49-475D-85F7-2511740F84D9}.Debug|Any CPU.Build.0 = Debug|Any CPU
		{7BEC6DB6-AF49-475D-85F7-2511740F84D9}.Release|Any CPU.ActiveCfg = Release|Any CPU
		{7BEC6DB6-AF49-475D-85F7-2511740F84D9}.Release|Any CPU.Build.0 = Release|Any CPU
	EndGlobalSection
	GlobalSection(SolutionProperties) = preSolution
		HideSolutionNode = FALSE
	EndGlobalSection
	GlobalSection(ExtensibilityGlobals) = postSolution
		SolutionGuid = {571D1D1F-F8FD-47BC-AA14-0211502CCEE2}
	EndGlobalSection
EndGlobal
