
Microsoft Visual Studio Solution File, Format Version 12.00
# Visual Studio Version 17
VisualStudioVersion = 17.6.33723.286
MinimumVisualStudioVersion = 10.0.40219.1
Project("{FAE04EC0-301F-11D3-BF4B-00C04F79EFBC}") = "PruebaSerializacion", "PruebaSerializacion\PruebaSerializacion.csproj", "{E6A1A146-0E94-4B3C-BAF8-92AFACBF0E35}"
EndProject
Project("{FAE04EC0-301F-11D3-BF4B-00C04F79EFBC}") = "Entidades", "Entidades\Entidades.csproj", "{6400DBD2-1688-4A7D-A01E-77DC19A2AB81}"
EndProject
Global
	GlobalSection(SolutionConfigurationPlatforms) = preSolution
		Debug|Any CPU = Debug|Any CPU
		Release|Any CPU = Release|Any CPU
	EndGlobalSection
	GlobalSection(ProjectConfigurationPlatforms) = postSolution
		{E6A1A146-0E94-4B3C-BAF8-92AFACBF0E35}.Debug|Any CPU.ActiveCfg = Debug|Any CPU
		{E6A1A146-0E94-4B3C-BAF8-92AFACBF0E35}.Debug|Any CPU.Build.0 = Debug|Any CPU
		{E6A1A146-0E94-4B3C-BAF8-92AFACBF0E35}.Release|Any CPU.ActiveCfg = Release|Any CPU
		{E6A1A146-0E94-4B3C-BAF8-92AFACBF0E35}.Release|Any CPU.Build.0 = Release|Any CPU
		{6400DBD2-1688-4A7D-A01E-77DC19A2AB81}.Debug|Any CPU.ActiveCfg = Debug|Any CPU
		{6400DBD2-1688-4A7D-A01E-77DC19A2AB81}.Debug|Any CPU.Build.0 = Debug|Any CPU
		{6400DBD2-1688-4A7D-A01E-77DC19A2AB81}.Release|Any CPU.ActiveCfg = Release|Any CPU
		{6400DBD2-1688-4A7D-A01E-77DC19A2AB81}.Release|Any CPU.Build.0 = Release|Any CPU
	EndGlobalSection
	GlobalSection(SolutionProperties) = preSolution
		HideSolutionNode = FALSE
	EndGlobalSection
	GlobalSection(ExtensibilityGlobals) = postSolution
		SolutionGuid = {3B71E315-4F94-45B0-A7FA-A4A0E14D036C}
	EndGlobalSection
EndGlobal
